
Microsoft Visual Studio Solution File, Format Version 12.00
# Visual Studio 15
VisualStudioVersion = 15.0.26403.7
MinimumVisualStudioVersion = 10.0.40219.1
Project("{FAE04EC0-301F-11D3-BF4B-00C04F79EFBC}") = "StoreSample.Web", "StoreSample.Web\StoreSample.Web.csproj", "{B661E672-8F4B-4AB1-A3F9-5B5B083707E8}"
EndProject
Project("{2150E333-8FDC-42A3-9474-1A3956D46DE8}") = "Database Scripts", "Database Scripts", "{A4798EAC-22C5-486F-BF7A-7A7FF544808A}"
	ProjectSection(SolutionItems) = preProject
		Database Scripts\1 - Init.sql = Database Scripts\1 - Init.sql
		Database Scripts\2 - Seed Books.sql = Database Scripts\2 - Seed Books.sql
	EndProjectSection
EndProject
Global
	GlobalSection(SolutionConfigurationPlatforms) = preSolution
		Debug|Any CPU = Debug|Any CPU
		Release|Any CPU = Release|Any CPU
	EndGlobalSection
	GlobalSection(ProjectConfigurationPlatforms) = postSolution
		{B661E672-8F4B-4AB1-A3F9-5B5B083707E8}.Debug|Any CPU.ActiveCfg = Debug|Any CPU
		{B661E672-8F4B-4AB1-A3F9-5B5B083707E8}.Debug|Any CPU.Build.0 = Debug|Any CPU
		{B661E672-8F4B-4AB1-A3F9-5B5B083707E8}.Release|Any CPU.ActiveCfg = Release|Any CPU
		{B661E672-8F4B-4AB1-A3F9-5B5B083707E8}.Release|Any CPU.Build.0 = Release|Any CPU
	EndGlobalSection
	GlobalSection(SolutionProperties) = preSolution
		HideSolutionNode = FALSE
	EndGlobalSection
EndGlobal
